Microsoft Visual Studio Solution File, Format Version 11.00
# Visual Studio 2008

Project("{5964D0CA-7A14-49BE-4D0D-BE3C3683CC77}") = "Wacraft Wars", "Assembly-CSharp.csproj", "{33E67228-1167-209F-A53C-954A0BA31A0A}"
EndProject
Project("{5964D0CA-7A14-49BE-4D0D-BE3C3683CC77}") = "Wacraft Wars", "Assembly-CSharp-Editor.csproj", "{6E5B7350-4987-E0A9-8052-2507F8E27460}"
EndProject
Global
	GlobalSection(SolutionConfigurationPlatforms) = preSolution
		Debug|Any CPU = Debug|Any CPU
		Release|Any CPU = Release|Any CPU
	EndGlobalSection
	GlobalSection(ProjectConfigurationPlatforms) = postSolution
		{33E67228-1167-209F-A53C-954A0BA31A0A}.Debug|Any CPU.ActiveCfg = Debug|Any CPU
		{33E67228-1167-209F-A53C-954A0BA31A0A}.Debug|Any CPU.Build.0 = Debug|Any CPU
		{33E67228-1167-209F-A53C-954A0BA31A0A}.Release|Any CPU.ActiveCfg = Release|Any CPU
		{33E67228-1167-209F-A53C-954A0BA31A0A}.Release|Any CPU.Build.0 = Release|Any CPU
		{6E5B7350-4987-E0A9-8052-2507F8E27460}.Debug|Any CPU.ActiveCfg = Debug|Any CPU
		{6E5B7350-4987-E0A9-8052-2507F8E27460}.Debug|Any CPU.Build.0 = Debug|Any CPU
		{6E5B7350-4987-E0A9-8052-2507F8E27460}.Release|Any CPU.ActiveCfg = Release|Any CPU
		{6E5B7350-4987-E0A9-8052-2507F8E27460}.Release|Any CPU.Build.0 = Release|Any CPU
	EndGlobalSection
	GlobalSection(SolutionProperties) = preSolution
		HideSolutionNode = FALSE
	EndGlobalSection
																																																																																																														GlobalSection(MonoDevelopProperties) = preSolution
		StartupItem = Assembly-CSharp.csproj
		Policies = $0
		$0.TextStylePolicy = $1
		$1.inheritsSet = null
		$1.scope = text/x-csharp
		$0.CSharpFormattingPolicy = $2
		$2.inheritsSet = Mono
		$2.inheritsScope = text/x-csharp
		$2.scope = text/x-csharp
		$0.TextStylePolicy = $3
		$3.FileWidth = 120
		$3.TabWidth = 4
		$3.IndentWidth = 4
		$3.EolMarker = Unix
		$3.inheritsSet = Mono
		$3.inheritsScope = text/plain
		$3.scope = text/plain
	EndGlobalSection

EndGlobal
